
Microsoft Visual Studio Solution File, Format Version 12.00
# Visual Studio 2012
Project("{FAE04EC0-301F-11D3-BF4B-00C04F79EFBC}") = "TestBinding", "TestBinding\TestBinding.csproj", "{55133152-DA99-4B3E-9F23-65BEFFC5E035}"
EndProject
Project("{FAE04EC0-301F-11D3-BF4B-00C04F79EFBC}") = "TestBinding.UITests", "TestBinding.UITests\TestBinding.UITests.csproj", "{7FA33371-A26C-4CF2-9482-16AB7D9475D0}"
EndProject
Global
	GlobalSection(SolutionConfigurationPlatforms) = preSolution
		Debug|iPhoneSimulator = Debug|iPhoneSimulator
		Release|iPhone = Release|iPhone
		Release|iPhoneSimulator = Release|iPhoneSimulator
		Debug|iPhone = Debug|iPhone
		Debug|Any CPU = Debug|Any CPU
		Release|Any CPU = Release|Any CPU
	EndGlobalSection
	GlobalSection(ProjectConfigurationPlatforms) = postSolution
		{55133152-DA99-4B3E-9F23-65BEFFC5E035}.Debug|iPhoneSimulator.ActiveCfg = Debug|iPhoneSimulator
		{55133152-DA99-4B3E-9F23-65BEFFC5E035}.Debug|iPhoneSimulator.Build.0 = Debug|iPhoneSimulator
		{55133152-DA99-4B3E-9F23-65BEFFC5E035}.Release|iPhone.ActiveCfg = Release|iPhone
		{55133152-DA99-4B3E-9F23-65BEFFC5E035}.Release|iPhone.Build.0 = Release|iPhone
		{55133152-DA99-4B3E-9F23-65BEFFC5E035}.Release|iPhoneSimulator.ActiveCfg = Release|iPhoneSimulator
		{55133152-DA99-4B3E-9F23-65BEFFC5E035}.Release|iPhoneSimulator.Build.0 = Release|iPhoneSimulator
		{55133152-DA99-4B3E-9F23-65BEFFC5E035}.Debug|iPhone.ActiveCfg = Debug|iPhone
		{55133152-DA99-4B3E-9F23-65BEFFC5E035}.Debug|iPhone.Build.0 = Debug|iPhone
		{55133152-DA99-4B3E-9F23-65BEFFC5E035}.Debug|Any CPU.ActiveCfg = Debug|iPhoneSimulator
		{55133152-DA99-4B3E-9F23-65BEFFC5E035}.Debug|Any CPU.Build.0 = Debug|iPhoneSimulator
		{55133152-DA99-4B3E-9F23-65BEFFC5E035}.Release|Any CPU.ActiveCfg = Release|iPhone
		{55133152-DA99-4B3E-9F23-65BEFFC5E035}.Release|Any CPU.Build.0 = Release|iPhone
		{7FA33371-A26C-4CF2-9482-16AB7D9475D0}.Debug|iPhoneSimulator.ActiveCfg = Debug|Any CPU
		{7FA33371-A26C-4CF2-9482-16AB7D9475D0}.Debug|iPhoneSimulator.Build.0 = Debug|Any CPU
		{7FA33371-A26C-4CF2-9482-16AB7D9475D0}.Release|iPhone.ActiveCfg = Release|Any CPU
		{7FA33371-A26C-4CF2-9482-16AB7D9475D0}.Release|iPhone.Build.0 = Release|Any CPU
		{7FA33371-A26C-4CF2-9482-16AB7D9475D0}.Release|iPhoneSimulator.ActiveCfg = Release|Any CPU
		{7FA33371-A26C-4CF2-9482-16AB7D9475D0}.Release|iPhoneSimulator.Build.0 = Release|Any CPU
		{7FA33371-A26C-4CF2-9482-16AB7D9475D0}.Debug|iPhone.ActiveCfg = Debug|Any CPU
		{7FA33371-A26C-4CF2-9482-16AB7D9475D0}.Debug|iPhone.Build.0 = Debug|Any CPU
		{7FA33371-A26C-4CF2-9482-16AB7D9475D0}.Debug|Any CPU.ActiveCfg = Debug|Any CPU
		{7FA33371-A26C-4CF2-9482-16AB7D9475D0}.Debug|Any CPU.Build.0 = Debug|Any CPU
		{7FA33371-A26C-4CF2-9482-16AB7D9475D0}.Release|Any CPU.ActiveCfg = Release|Any CPU
		{7FA33371-A26C-4CF2-9482-16AB7D9475D0}.Release|Any CPU.Build.0 = Release|Any CPU
	EndGlobalSection
EndGlobal
